// !$*UTF8*$!
{
	archiveVersion = 1;
	classes = {
	};
	objectVersion = 56;
	objects = {

/* Begin PBXBuildFile section */
		6F939A902A535023007169C1 /* GRDBExampleApp.swift in Sources */ = {isa = PBXBuildFile; fileRef = 6F939A8F2A535023007169C1 /* GRDBExampleApp.swift */; };
		6F939A922A535023007169C1 /* ContentView.swift in Sources */ = {isa = PBXBuildFile; fileRef = 6F939A912A535023007169C1 /* ContentView.swift */; };
		6F939A942A535025007169C1 /* Assets.xcassets in Resources */ = {isa = PBXBuildFile; fileRef = 6F939A932A535025007169C1 /* Assets.xcassets */; };
		6F939A972A535025007169C1 /* Preview Assets.xcassets in Resources */ = {isa = PBXBuildFile; fileRef = 6F939A962A535025007169C1 /* Preview Assets.xcassets */; };
		6F939AA12A535025007169C1 /* GRDBExampleTests.swift in Sources */ = {isa = PBXBuildFile; fileRef = 6F939AA02A535025007169C1 /* GRDBExampleTests.swift */; };
		6F939AAB2A535025007169C1 /* GRDBExampleUITests.swift in Sources */ = {isa = PBXBuildFile; fileRef = 6F939AAA2A535025007169C1 /* GRDBExampleUITests.swift */; };
		6F939AAD2A535025007169C1 /* GRDBExampleUITestsLaunchTests.swift in Sources */ = {isa = PBXBuildFile; fileRef = 6F939AAC2A535025007169C1 /* GRDBExampleUITestsLaunchTests.swift */; };
		6F939ABB2A535149007169C1 /* GRDB in Frameworks */ = {isa = PBXBuildFile; productRef = 6F939ABA2A535149007169C1 /* GRDB */; };
		6F939ABD2A5354AA007169C1 /* AppDatabase.swift in Sources */ = {isa = PBXBuildFile; fileRef = 6F939ABC2A5354AA007169C1 /* AppDatabase.swift */; };
		6F939ABF2A5357A9007169C1 /* Player.swift in Sources */ = {isa = PBXBuildFile; fileRef = 6F939ABE2A5357A9007169C1 /* Player.swift */; };
/* End PBXBuildFile section */

/* Begin PBXContainerItemProxy section */
		6F939A9D2A535025007169C1 /* PBXContainerItemProxy */ = {
			isa = PBXContainerItemProxy;
			containerPortal = 6F939A842A535023007169C1 /* Project object */;
			proxyType = 1;
			remoteGlobalIDString = 6F939A8B2A535023007169C1;
			remoteInfo = GRDBExample;
		};
		6F939AA72A535025007169C1 /* PBXContainerItemProxy */ = {
			isa = PBXContainerItemProxy;
			containerPortal = 6F939A842A535023007169C1 /* Project object */;
			proxyType = 1;
			remoteGlobalIDString = 6F939A8B2A535023007169C1;
			remoteInfo = GRDBExample;
		};
/* End PBXContainerItemProxy section */

/* Begin PBXFileReference section */
		6F939A8C2A535023007169C1 /* GRDBExample.app */ = {isa = PBXFileReference; explicitFileType = wrapper.application; includeInIndex = 0; path = GRDBExample.app; sourceTree = BUILT_PRODUCTS_DIR; };
		6F939A8F2A535023007169C1 /* GRDBExampleApp.swift */ = {isa = PBXFileReference; lastKnownFileType = sourcecode.swift; path = GRDBExampleApp.swift; sourceTree = "<group>"; };
		6F939A912A535023007169C1 /* ContentView.swift */ = {isa = PBXFileReference; lastKnownFileType = sourcecode.swift; path = ContentView.swift; sourceTree = "<group>"; };
		6F939A932A535025007169C1 /* Assets.xcassets */ = {isa = PBXFileReference; lastKnownFileType = folder.assetcatalog; path = Assets.xcassets; sourceTree = "<group>"; };
		6F939A962A535025007169C1 /* Preview Assets.xcassets */ = {isa = PBXFileReference; lastKnownFileType = folder.assetcatalog; path = "Preview Assets.xcassets"; sourceTree = "<group>"; };
		6F939A9C2A535025007169C1 /* GRDBExampleTests.xctest */ = {isa = PBXFileReference; explicitFileType = wrapper.cfbundle; includeInIndex = 0; path = GRDBExampleTests.xctest; sourceTree = BUILT_PRODUCTS_DIR; };
		6F939AA02A535025007169C1 /* GRDBExampleTests.swift */ = {isa = PBXFileReference; lastKnownFileType = sourcecode.swift; path = GRDBExampleTests.swift; sourceTree = "<group>"; };
		6F939AA62A535025007169C1 /* GRDBExampleUITests.xctest */ = {isa = PBXFileReference; explicitFileType = wrapper.cfbundle; includeInIndex = 0; path = GRDBExampleUITests.xctest; sourceTree = BUILT_PRODUCTS_DIR; };
		6F939AAA2A535025007169C1 /* GRDBExampleUITests.swift */ = {isa = PBXFileReference; lastKnownFileType = sourcecode.swift; path = GRDBExampleUITests.swift; sourceTree = "<group>"; };
		6F939AAC2A535025007169C1 /* GRDBExampleUITestsLaunchTests.swift */ = {isa = PBXFileReference; lastKnownFileType = sourcecode.swift; path = GRDBExampleUITestsLaunchTests.swift; sourceTree = "<group>"; };
		6F939ABC2A5354AA007169C1 /* AppDatabase.swift */ = {isa = PBXFileReference; lastKnownFileType = sourcecode.swift; path = AppDatabase.swift; sourceTree = "<group>"; };
		6F939ABE2A5357A9007169C1 /* Player.swift */ = {isa = PBXFileReference; lastKnownFileType = sourcecode.swift; path = Player.swift; sourceTree = "<group>"; };
/* End PBXFileReference section */

/* Begin PBXFrameworksBuildPhase section */
		6F939A892A535023007169C1 /* Frameworks */ = {
			isa = PBXFrameworksBuildPhase;
			buildActionMask = 2147483647;
			files = (
				6F939ABB2A535149007169C1 /* GRDB in Frameworks */,
			);
			runOnlyForDeploymentPostprocessing = 0;
		};
		6F939A992A535025007169C1 /* Frameworks */ = {
			isa = PBXFrameworksBuildPhase;
			buildActionMask = 2147483647;
			files = (
			);
			runOnlyForDeploymentPostprocessing = 0;
		};
		6F939AA32A535025007169C1 /* Frameworks */ = {
			isa = PBXFrameworksBuildPhase;
			buildActionMask = 2147483647;
			files = (
			);
			runOnlyForDeploymentPostprocessing = 0;
		};
/* End PBXFrameworksBuildPhase section */

/* Begin PBXGroup section */
		6F939A832A535023007169C1 = {
			isa = PBXGroup;
			children = (
				6F939A8E2A535023007169C1 /* GRDBExample */,
				6F939A9F2A535025007169C1 /* GRDBExampleTests */,
				6F939AA92A535025007169C1 /* GRDBExampleUITests */,
				6F939A8D2A535023007169C1 /* Products */,
			);
			sourceTree = "<group>";
		};
		6F939A8D2A535023007169C1 /* Products */ = {
			isa = PBXGroup;
			children = (
				6F939A8C2A535023007169C1 /* GRDBExample.app */,
				6F939A9C2A535025007169C1 /* GRDBExampleTests.xctest */,
				6F939AA62A535025007169C1 /* GRDBExampleUITests.xctest */,
			);
			name = Products;
			sourceTree = "<group>";
		};
		6F939A8E2A535023007169C1 /* GRDBExample */ = {
			isa = PBXGroup;
			children = (
				6F939A8F2A535023007169C1 /* GRDBExampleApp.swift */,
				6F939A912A535023007169C1 /* ContentView.swift */,
				6F939A932A535025007169C1 /* Assets.xcassets */,
				6F939A952A535025007169C1 /* Preview Content */,
				6F939ABC2A5354AA007169C1 /* AppDatabase.swift */,
				6F939ABE2A5357A9007169C1 /* Player.swift */,
			);
			path = GRDBExample;
			sourceTree = "<group>";
		};
		6F939A952A535025007169C1 /* Preview Content */ = {
			isa = PBXGroup;
			children = (
				6F939A962A535025007169C1 /* Preview Assets.xcassets */,
			);
			path = "Preview Content";
			sourceTree = "<group>";
		};
		6F939A9F2A535025007169C1 /* GRDBExampleTests */ = {
			isa = PBXGroup;
			children = (
				6F939AA02A535025007169C1 /* GRDBExampleTests.swift */,
			);
			path = GRDBExampleTests;
			sourceTree = "<group>";
		};
		6F939AA92A535025007169C1 /* GRDBExampleUITests */ = {
			isa = PBXGroup;
			children = (
				6F939AAA2A535025007169C1 /* GRDBExampleUITests.swift */,
				6F939AAC2A535025007169C1 /* GRDBExampleUITestsLaunchTests.swift */,
			);
			path = GRDBExampleUITests;
			sourceTree = "<group>";
		};
/* End PBXGroup section */

/* Begin PBXNativeTarget section */
		6F939A8B2A535023007169C1 /* GRDBExample */ = {
			isa = PBXNativeTarget;
			buildConfigurationList = 6F939AB02A535025007169C1 /* Build configuration list for PBXNativeTarget "GRDBExample" */;
			buildPhases = (
				6F939A882A535023007169C1 /* Sources */,
				6F939A892A535023007169C1 /* Frameworks */,
				6F939A8A2A535023007169C1 /* Resources */,
			);
			buildRules = (
			);
			dependencies = (
			);
			name = GRDBExample;
			packageProductDependencies = (
				6F939ABA2A535149007169C1 /* GRDB */,
			);
			productName = GRDBExample;
			productReference = 6F939A8C2A535023007169C1 /* GRDBExample.app */;
			productType = "com.apple.product-type.application";
		};
		6F939A9B2A535025007169C1 /* GRDBExampleTests */ = {
			isa = PBXNativeTarget;
			buildConfigurationList = 6F939AB32A535025007169C1 /* Build configuration list for PBXNativeTarget "GRDBExampleTests" */;
			buildPhases = (
				6F939A982A535025007169C1 /* Sources */,
				6F939A992A535025007169C1 /* Frameworks */,
				6F939A9A2A535025007169C1 /* Resources */,
			);
			buildRules = (
			);
			dependencies = (
				6F939A9E2A535025007169C1 /* PBXTargetDependency */,
			);
			name = GRDBExampleTests;
			productName = GRDBExampleTests;
			productReference = 6F939A9C2A535025007169C1 /* GRDBExampleTests.xctest */;
			productType = "com.apple.product-type.bundle.unit-test";
		};
		6F939AA52A535025007169C1 /* GRDBExampleUITests */ = {
			isa = PBXNativeTarget;
			buildConfigurationList = 6F939AB62A535025007169C1 /* Build configuration list for PBXNativeTarget "GRDBExampleUITests" */;
			buildPhases = (
				6F939AA22A535025007169C1 /* Sources */,
				6F939AA32A535025007169C1 /* Frameworks */,
				6F939AA42A535025007169C1 /* Resources */,
			);
			buildRules = (
			);
			dependencies = (
				6F939AA82A535025007169C1 /* PBXTargetDependency */,
			);
			name = GRDBExampleUITests;
			productName = GRDBExampleUITests;
			productReference = 6F939AA62A535025007169C1 /* GRDBExampleUITests.xctest */;
			productType = "com.apple.product-type.bundle.ui-testing";
		};
/* End PBXNativeTarget section */

/* Begin PBXProject section */
		6F939A842A535023007169C1 /* Project object */ = {
			isa = PBXProject;
			attributes = {
				BuildIndependentTargetsInParallel = 1;
				LastSwiftUpdateCheck = 1430;
				LastUpgradeCheck = 1430;
				TargetAttributes = {
					6F939A8B2A535023007169C1 = {
						CreatedOnToolsVersion = 14.3.1;
					};
					6F939A9B2A535025007169C1 = {
						CreatedOnToolsVersion = 14.3.1;
						TestTargetID = 6F939A8B2A535023007169C1;
					};
					6F939AA52A535025007169C1 = {
						CreatedOnToolsVersion = 14.3.1;
						TestTargetID = 6F939A8B2A535023007169C1;
					};
				};
			};
			buildConfigurationList = 6F939A872A535023007169C1 /* Build configuration list for PBXProject "GRDBExample" */;
			compatibilityVersion = "Xcode 14.0";
			developmentRegion = en;
			hasScannedForEncodings = 0;
			knownRegions = (
				en,
				Base,
			);
			mainGroup = 6F939A832A535023007169C1;
			packageReferences = (
				6F939AB92A535149007169C1 /* XCRemoteSwiftPackageReference "GRDB" */,
			);
			productRefGroup = 6F939A8D2A535023007169C1 /* Products */;
			projectDirPath = "";
			projectRoot = "";
			targets = (
				6F939A8B2A535023007169C1 /* GRDBExample */,
				6F939A9B2A535025007169C1 /* GRDBExampleTests */,
				6F939AA52A535025007169C1 /* GRDBExampleUITests */,
			);
		};
/* End PBXProject section */

/* Begin PBXResourcesBuildPhase section */
		6F939A8A2A535023007169C1 /* Resources */ = {
			isa = PBXResourcesBuildPhase;
			buildActionMask = 2147483647;
			files = (
				6F939A972A535025007169C1 /* Preview Assets.xcassets in Resources */,
				6F939A942A535025007169C1 /* Assets.xcassets in Resources */,
			);
			runOnlyForDeploymentPostprocessing = 0;
		};
		6F939A9A2A535025007169C1 /* Resources */ = {
			isa = PBXResourcesBuildPhase;
			buildActionMask = 2147483647;
			files = (
			);
			runOnlyForDeploymentPostprocessing = 0;
		};
		6F939AA42A535025007169C1 /* Resources */ = {
			isa = PBXResourcesBuildPhase;
			buildActionMask = 2147483647;
			files = (
			);
			runOnlyForDeploymentPostprocessing = 0;
		};
/* End PBXResourcesBuildPhase section */

/* Begin PBXSourcesBuildPhase section */
		6F939A882A535023007169C1 /* Sources */ = {
			isa = PBXSourcesBuildPhase;
			buildActionMask = 2147483647;
			files = (
				6F939ABF2A5357A9007169C1 /* Player.swift in Sources */,
				6F939ABD2A5354AA007169C1 /* AppDatabase.swift in Sources */,
				6F939A922A535023007169C1 /* ContentView.swift in Sources */,
				6F939A902A535023007169C1 /* GRDBExampleApp.swift in Sources */,
			);
			runOnlyForDeploymentPostprocessing = 0;
		};
		6F939A982A535025007169C1 /* Sources */ = {
			isa = PBXSourcesBuildPhase;
			buildActionMask = 2147483647;
			files = (
				6F939AA12A535025007169C1 /* GRDBExampleTests.swift in Sources */,
			);
			runOnlyForDeploymentPostprocessing = 0;
		};
		6F939AA22A535025007169C1 /* Sources */ = {
			isa = PBXSourcesBuildPhase;
			buildActionMask = 2147483647;
			files = (
				6F939AAD2A535025007169C1 /* GRDBExampleUITestsLaunchTests.swift in Sources */,
				6F939AAB2A535025007169C1 /* GRDBExampleUITests.swift in Sources */,
			);
			runOnlyForDeploymentPostprocessing = 0;
		};
/* End PBXSourcesBuildPhase section */

/* Begin PBXTargetDependency section */
		6F939A9E2A535025007169C1 /* PBXTargetDependency */ = {
			isa = PBXTargetDependency;
			target = 6F939A8B2A535023007169C1 /* GRDBExample */;
			targetProxy = 6F939A9D2A535025007169C1 /* PBXContainerItemProxy */;
		};
		6F939AA82A535025007169C1 /* PBXTargetDependency */ = {
			isa = PBXTargetDependency;
			target = 6F939A8B2A535023007169C1 /* GRDBExample */;
			targetProxy = 6F939AA72A535025007169C1 /* PBXContainerItemProxy */;
		};
/* End PBXTargetDependency section */

/* Begin XCBuildConfiguration section */
		6F939AAE2A535025007169C1 /* Debug */ = {
			isa = XCBuildConfiguration;
			buildSettings = {
				ALWAYS_SEARCH_USER_PATHS = NO;
				CLANG_ANALYZER_NONNULL = YES;
				CLANG_ANALYZER_NUMBER_OBJECT_CONVERSION = YES_AGGRESSIVE;
				CLANG_CXX_LANGUAGE_STANDARD = "gnu++20";
				CLANG_ENABLE_MODULES = YES;
				CLANG_ENABLE_OBJC_ARC = YES;
				CLANG_ENABLE_OBJC_WEAK = YES;
				CLANG_WARN_BLOCK_CAPTURE_AUTORELEASING = YES;
				CLANG_WARN_BOOL_CONVERSION = YES;
				CLANG_WARN_COMMA = YES;
				CLANG_WARN_CONSTANT_CONVERSION = YES;
				CLANG_WARN_DEPRECATED_OBJC_IMPLEMENTATIONS = YES;
				CLANG_WARN_DIRECT_OBJC_ISA_USAGE = YES_ERROR;
				CLANG_WARN_DOCUMENTATION_COMMENTS = YES;
				CLANG_WARN_EMPTY_BODY = YES;
				CLANG_WARN_ENUM_CONVERSION = YES;
				CLANG_WARN_INFINITE_RECURSION = YES;
				CLANG_WARN_INT_CONVERSION = YES;
				CLANG_WARN_NON_LITERAL_NULL_CONVERSION = YES;
				CLANG_WARN_OBJC_IMPLICIT_RETAIN_SELF = YES;
				CLANG_WARN_OBJC_LITERAL_CONVERSION = YES;
				CLANG_WARN_OBJC_ROOT_CLASS = YES_ERROR;
				CLANG_WARN_QUOTED_INCLUDE_IN_FRAMEWORK_HEADER = YES;
				CLANG_WARN_RANGE_LOOP_ANALYSIS = YES;
				CLANG_WARN_STRICT_PROTOTYPES = YES;
				CLANG_WARN_SUSPICIOUS_MOVE = YES;
				CLANG_WARN_UNGUARDED_AVAILABILITY = YES_AGGRESSIVE;
				CLANG_WARN_UNREACHABLE_CODE = YES;
				CLANG_WARN__DUPLICATE_METHOD_MATCH = YES;
				COPY_PHASE_STRIP = NO;
				DEBUG_INFORMATION_FORMAT = dwarf;
				ENABLE_STRICT_OBJC_MSGSEND = YES;
				ENABLE_TESTABILITY = YES;
				GCC_C_LANGUAGE_STANDARD = gnu11;
				GCC_DYNAMIC_NO_PIC = NO;
				GCC_NO_COMMON_BLOCKS = YES;
				GCC_OPTIMIZATION_LEVEL = 0;
				GCC_PREPROCESSOR_DEFINITIONS = (
					"DEBUG=1",
					"$(inherited)",
				);
				GCC_WARN_64_TO_32_BIT_CONVERSION = YES;
				GCC_WARN_ABOUT_RETURN_TYPE = YES_ERROR;
				GCC_WARN_UNDECLARED_SELECTOR = YES;
				GCC_WARN_UNINITIALIZED_AUTOS = YES_AGGRESSIVE;
				GCC_WARN_UNUSED_FUNCTION = YES;
				GCC_WARN_UNUSED_VARIABLE = YES;
				IPHONEOS_DEPLOYMENT_TARGET = 16.4;
				MTL_ENABLE_DEBUG_INFO = INCLUDE_SOURCE;
				MTL_FAST_MATH = YES;
				ONLY_ACTIVE_ARCH = YES;
				SDKROOT = iphoneos;
				SWIFT_ACTIVE_COMPILATION_CONDITIONS = DEBUG;
				SWIFT_OPTIMIZATION_LEVEL = "-Onone";
			};
			name = Debug;
		};
		6F939AAF2A535025007169C1 /* Release */ = {
			isa = XCBuildConfiguration;
			buildSettings = {
				ALWAYS_SEARCH_USER_PATHS = NO;
				CLANG_ANALYZER_NONNULL = YES;
				CLANG_ANALYZER_NUMBER_OBJECT_CONVERSION = YES_AGGRESSIVE;
				CLANG_CXX_LANGUAGE_STANDARD = "gnu++20";
				CLANG_ENABLE_MODULES = YES;
				CLANG_ENABLE_OBJC_ARC = YES;
				CLANG_ENABLE_OBJC_WEAK = YES;
				CLANG_WARN_BLOCK_CAPTURE_AUTORELEASING = YES;
				CLANG_WARN_BOOL_CONVERSION = YES;
				CLANG_WARN_COMMA = YES;
				CLANG_WARN_CONSTANT_CONVERSION = YES;
				CLANG_WARN_DEPRECATED_OBJC_IMPLEMENTATIONS = YES;
				CLANG_WARN_DIRECT_OBJC_ISA_USAGE = YES_ERROR;
				CLANG_WARN_DOCUMENTATION_COMMENTS = YES;
				CLANG_WARN_EMPTY_BODY = YES;
				CLANG_WARN_ENUM_CONVERSION = YES;
				CLANG_WARN_INFINITE_RECURSION = YES;
				CLANG_WARN_INT_CONVERSION = YES;
				CLANG_WARN_NON_LITERAL_NULL_CONVERSION = YES;
				CLANG_WARN_OBJC_IMPLICIT_RETAIN_SELF = YES;
				CLANG_WARN_OBJC_LITERAL_CONVERSION = YES;
				CLANG_WARN_OBJC_ROOT_CLASS = YES_ERROR;
				CLANG_WARN_QUOTED_INCLUDE_IN_FRAMEWORK_HEADER = YES;
				CLANG_WARN_RANGE_LOOP_ANALYSIS = YES;
				CLANG_WARN_STRICT_PROTOTYPES = YES;
				CLANG_WARN_SUSPICIOUS_MOVE = YES;
				CLANG_WARN_UNGUARDED_AVAILABILITY = YES_AGGRESSIVE;
				CLANG_WARN_UNREACHABLE_CODE = YES;
				CLANG_WARN__DUPLICATE_METHOD_MATCH = YES;
				COPY_PHASE_STRIP = NO;
				DEBUG_INFORMATION_FORMAT = "dwarf-with-dsym";
				ENABLE_NS_ASSERTIONS = NO;
				ENABLE_STRICT_OBJC_MSGSEND = YES;
				GCC_C_LANGUAGE_STANDARD = gnu11;
				GCC_NO_COMMON_BLOCKS = YES;
				GCC_WARN_64_TO_32_BIT_CONVERSION = YES;
				GCC_WARN_ABOUT_RETURN_TYPE = YES_ERROR;
				GCC_WARN_UNDECLARED_SELECTOR = YES;
				GCC_WARN_UNINITIALIZED_AUTOS = YES_AGGRESSIVE;
				GCC_WARN_UNUSED_FUNCTION = YES;
				GCC_WARN_UNUSED_VARIABLE = YES;
				IPHONEOS_DEPLOYMENT_TARGET = 16.4;
				MTL_ENABLE_DEBUG_INFO = NO;
				MTL_FAST_MATH = YES;
				SDKROOT = iphoneos;
				SWIFT_COMPILATION_MODE = wholemodule;
				SWIFT_OPTIMIZATION_LEVEL = "-O";
				VALIDATE_PRODUCT = YES;
			};
			name = Release;
		};
		6F939AB12A535025007169C1 /* Debug */ = {
			isa = XCBuildConfiguration;
			buildSettings = {
				ASSETCATALOG_COMPILER_APPICON_NAME = AppIcon;
				ASSETCATALOG_COMPILER_GLOBAL_ACCENT_COLOR_NAME = AccentColor;
				CODE_SIGN_STYLE = Automatic;
				CURRENT_PROJECT_VERSION = 1;
				DEVELOPMENT_ASSET_PATHS = "\"GRDBExample/Preview Content\"";
				DEVELOPMENT_TEAM = YKW4K6F98F;
				ENABLE_PREVIEWS = YES;
				GENERATE_INFOPLIST_FILE = YES;
				INFOPLIST_KEY_UIApplicationSceneManifest_Generation = YES;
				INFOPLIST_KEY_UIApplicationSupportsIndirectInputEvents = YES;
				INFOPLIST_KEY_UILaunchScreen_Generation = YES;
				INFOPLIST_KEY_UISupportedInterfaceOrientations_iPad = "UIInterfaceOrientationPortrait UIInterfaceOrientationPortraitUpsideDown UIInterfaceOrientationLandscapeLeft UIInterfaceOrientationLandscapeRight";
				INFOPLIST_KEY_UISupportedInterfaceOrientations_iPhone = "UIInterfaceOrientationPortrait UIInterfaceOrientationLandscapeLeft UIInterfaceOrientationLandscapeRight";
				LD_RUNPATH_SEARCH_PATHS = (
					"$(inherited)",
					"@executable_path/Frameworks",
				);
				MARKETING_VERSION = 1.0;
				PRODUCT_BUNDLE_IDENTIFIER = de.hshl.isd.GRDBExample;
				PRODUCT_NAME = "$(TARGET_NAME)";
				SWIFT_EMIT_LOC_STRINGS = YES;
				SWIFT_VERSION = 5.0;
				TARGETED_DEVICE_FAMILY = "1,2";
			};
			name = Debug;
		};
		6F939AB22A535025007169C1 /* Release */ = {
			isa = XCBuildConfiguration;
			buildSettings = {
				ASSETCATALOG_COMPILER_APPICON_NAME = AppIcon;
				ASSETCATALOG_COMPILER_GLOBAL_ACCENT_COLOR_NAME = AccentColor;
				CODE_SIGN_STYLE = Automatic;
				CURRENT_PROJECT_VERSION = 1;
				DEVELOPMENT_ASSET_PATHS = "\"GRDBExample/Preview Content\"";
				DEVELOPMENT_TEAM = YKW4K6F98F;
				ENABLE_PREVIEWS = YES;
				GENERATE_INFOPLIST_FILE = YES;
				INFOPLIST_KEY_UIApplicationSceneManifest_Generation = YES;
				INFOPLIST_KEY_UIApplicationSupportsIndirectInputEvents = YES;
				INFOPLIST_KEY_UILaunchScreen_Generation = YES;
				INFOPLIST_KEY_UISupportedInterfaceOrientations_iPad = "UIInterfaceOrientationPortrait UIInterfaceOrientationPortraitUpsideDown UIInterfaceOrientationLandscapeLeft UIInterfaceOrientationLandscapeRight";
				INFOPLIST_KEY_UISupportedInterfaceOrientations_iPhone = "UIInterfaceOrientationPortrait UIInterfaceOrientationLandscapeLeft UIInterfaceOrientationLandscapeRight";
				LD_RUNPATH_SEARCH_PATHS = (
					"$(inherited)",
					"@executable_path/Frameworks",
				);
				MARKETING_VERSION = 1.0;
				PRODUCT_BUNDLE_IDENTIFIER = de.hshl.isd.GRDBExample;
				PRODUCT_NAME = "$(TARGET_NAME)";
				SWIFT_EMIT_LOC_STRINGS = YES;
				SWIFT_VERSION = 5.0;
				TARGETED_DEVICE_FAMILY = "1,2";
			};
			name = Release;
		};
		6F939AB42A535025007169C1 /* Debug */ = {
			isa = XCBuildConfiguration;
			buildSettings = {
				ALWAYS_EMBED_SWIFT_STANDARD_LIBRARIES = YES;
				BUNDLE_LOADER = "$(TEST_HOST)";
				CODE_SIGN_STYLE = Automatic;
				CURRENT_PROJECT_VERSION = 1;
				DEVELOPMENT_TEAM = YKW4K6F98F;
				GENERATE_INFOPLIST_FILE = YES;
				IPHONEOS_DEPLOYMENT_TARGET = 16.4;
				MARKETING_VERSION = 1.0;
				PRODUCT_BUNDLE_IDENTIFIER = de.hshl.isd.GRDBExampleTests;
				PRODUCT_NAME = "$(TARGET_NAME)";
				SWIFT_EMIT_LOC_STRINGS = NO;
				SWIFT_VERSION = 5.0;
				TARGETED_DEVICE_FAMILY = "1,2";
				TEST_HOST = "$(BUILT_PRODUCTS_DIR)/GRDBExample.app/$(BUNDLE_EXECUTABLE_FOLDER_PATH)/GRDBExample";
			};
			name = Debug;
		};
		6F939AB52A535025007169C1 /* Release */ = {
			isa = XCBuildConfiguration;
			buildSettings = {
				ALWAYS_EMBED_SWIFT_STANDARD_LIBRARIES = YES;
				BUNDLE_LOADER = "$(TEST_HOST)";
				CODE_SIGN_STYLE = Automatic;
				CURRENT_PROJECT_VERSION = 1;
				DEVELOPMENT_TEAM = YKW4K6F98F;
				GENERATE_INFOPLIST_FILE = YES;
				IPHONEOS_DEPLOYMENT_TARGET = 16.4;
				MARKETING_VERSION = 1.0;
				PRODUCT_BUNDLE_IDENTIFIER = de.hshl.isd.GRDBExampleTests;
				PRODUCT_NAME = "$(TARGET_NAME)";
				SWIFT_EMIT_LOC_STRINGS = NO;
				SWIFT_VERSION = 5.0;
				TARGETED_DEVICE_FAMILY = "1,2";
				TEST_HOST = "$(BUILT_PRODUCTS_DIR)/GRDBExample.app/$(BUNDLE_EXECUTABLE_FOLDER_PATH)/GRDBExample";
			};
			name = Release;
		};
		6F939AB72A535025007169C1 /* Debug */ = {
			isa = XCBuildConfiguration;
			buildSettings = {
				ALWAYS_EMBED_SWIFT_STANDARD_LIBRARIES = YES;
				CODE_SIGN_STYLE = Automatic;
				CURRENT_PROJECT_VERSION = 1;
				DEVELOPMENT_TEAM = YKW4K6F98F;
				GENERATE_INFOPLIST_FILE = YES;
				MARKETING_VERSION = 1.0;
				PRODUCT_BUNDLE_IDENTIFIER = de.hshl.isd.GRDBExampleUITests;
				PRODUCT_NAME = "$(TARGET_NAME)";
				SWIFT_EMIT_LOC_STRINGS = NO;
				SWIFT_VERSION = 5.0;
				TARGETED_DEVICE_FAMILY = "1,2";
				TEST_TARGET_NAME = GRDBExample;
			};
			name = Debug;
		};
		6F939AB82A535025007169C1 /* Release */ = {
			isa = XCBuildConfiguration;
			buildSettings = {
				ALWAYS_EMBED_SWIFT_STANDARD_LIBRARIES = YES;
				CODE_SIGN_STYLE = Automatic;
				CURRENT_PROJECT_VERSION = 1;
				DEVELOPMENT_TEAM = YKW4K6F98F;
				GENERATE_INFOPLIST_FILE = YES;
				MARKETING_VERSION = 1.0;
				PRODUCT_BUNDLE_IDENTIFIER = de.hshl.isd.GRDBExampleUITests;
				PRODUCT_NAME = "$(TARGET_NAME)";
				SWIFT_EMIT_LOC_STRINGS = NO;
				SWIFT_VERSION = 5.0;
				TARGETED_DEVICE_FAMILY = "1,2";
				TEST_TARGET_NAME = GRDBExample;
			};
			name = Release;
		};
/* End XCBuildConfiguration section */

/* Begin XCConfigurationList section */
		6F939A872A535023007169C1 /* Build configuration list for PBXProject "GRDBExample" */ = {
			isa = XCConfigurationList;
			buildConfigurations = (
				6F939AAE2A535025007169C1 /* Debug */,
				6F939AAF2A535025007169C1 /* Release */,
			);
			defaultConfigurationIsVisible = 0;
			defaultConfigurationName = Release;
		};
		6F939AB02A535025007169C1 /* Build configuration list for PBXNativeTarget "GRDBExample" */ = {
			isa = XCConfigurationList;
			buildConfigurations = (
				6F939AB12A535025007169C1 /* Debug */,
				6F939AB22A535025007169C1 /* Release */,
			);
			defaultConfigurationIsVisible = 0;
			defaultConfigurationName = Release;
		};
		6F939AB32A535025007169C1 /* Build configuration list for PBXNativeTarget "GRDBExampleTests" */ = {
			isa = XCConfigurationList;
			buildConfigurations = (
				6F939AB42A535025007169C1 /* Debug */,
				6F939AB52A535025007169C1 /* Release */,
			);
			defaultConfigurationIsVisible = 0;
			defaultConfigurationName = Release;
		};
		6F939AB62A535025007169C1 /* Build configuration list for PBXNativeTarget "GRDBExampleUITests" */ = {
			isa = XCConfigurationList;
			buildConfigurations = (
				6F939AB72A535025007169C1 /* Debug */,
				6F939AB82A535025007169C1 /* Release */,
			);
			defaultConfigurationIsVisible = 0;
			defaultConfigurationName = Release;
		};
/* End XCConfigurationList section */

/* Begin XCRemoteSwiftPackageReference section */
		6F939AB92A535149007169C1 /* XCRemoteSwiftPackageReference "GRDB" */ = {
			isa = XCRemoteSwiftPackageReference;
			repositoryURL = "https://github.com/groue/GRDB.swift";
			requirement = {
				branch = master;
				kind = branch;
			};
		};
/* End XCRemoteSwiftPackageReference section */

/* Begin XCSwiftPackageProductDependency section */
		6F939ABA2A535149007169C1 /* GRDB */ = {
			isa = XCSwiftPackageProductDependency;
			package = 6F939AB92A535149007169C1 /* XCRemoteSwiftPackageReference "GRDB" */;
			productName = GRDB;
		};
/* End XCSwiftPackageProductDependency section */
	};
	rootObject = 6F939A842A535023007169C1 /* Project object */;
}
